# This file is automatically @generated by Wally.
# It is not intended for manual editing.
registry = "test"

[[package]]
name = "dosensuppe/eventbroker"
version = "2.1.0"
dependencies = [["remotepacketsizecounter", "pysephwasntavailable/remotepacketsizecounter@2.4.1"]]

[[package]]
name = "pysephwasntavailable/remotepacketsizecounter"
version = "2.4.1"
dependencies = []
